{
  "requires": true,
  "lockfileVersion": 1,
  "dependencies": {
    "ace-builds": {
      "version": "1.4.3",
      "resolved": "https://registry.npmjs.org/ace-builds/-/ace-builds-1.4.3.tgz",
      "integrity": "sha512-T+e4DQRQR8ReNPOUryXWdXRX1NBTb9rB1y42IhnH4mmFe0NIIpAQVu8BQ9tgU2K3EGaPFZeG7E87OOjaXDP8PQ=="
    }
  }
}
